
Microsoft Visual Studio Solution File, Format Version 12.00
# Visual Studio Version 17
VisualStudioVersion = 17.11.35219.272
MinimumVisualStudioVersion = 10.0.40219.1
Project("{FAE04EC0-301F-11D3-BF4B-00C04F79EFBC}") = "MusicWebApp", "MusicWebApp\MusicWebApp.csproj", "{EE49A738-07C7-4FFA-99A2-340AC3681473}"
EndProject
Project("{FAE04EC0-301F-11D3-BF4B-00C04F79EFBC}") = "MusicWebApp.Data.Models", "MusicWebApp.Data.Models\MusicWebApp.Data.Models.csproj", "{3C55FF8A-DB68-4C47-B0B1-D5431CB7E788}"
EndProject
Project("{FAE04EC0-301F-11D3-BF4B-00C04F79EFBC}") = "MusicWebApp.Common", "MusicWebApp.Common\MusicWebApp.Common.csproj", "{07F601E9-7C78-4CD7-B917-0E9EFFB80F73}"
EndProject
Global
	GlobalSection(SolutionConfigurationPlatforms) = preSolution
		Debug|Any CPU = Debug|Any CPU
		Release|Any CPU = Release|Any CPU
	EndGlobalSection
	GlobalSection(ProjectConfigurationPlatforms) = postSolution
		{EE49A738-07C7-4FFA-99A2-340AC3681473}.Debug|Any CPU.ActiveCfg = Debug|Any CPU
		{EE49A738-07C7-4FFA-99A2-340AC3681473}.Debug|Any CPU.Build.0 = Debug|Any CPU
		{EE49A738-07C7-4FFA-99A2-340AC3681473}.Release|Any CPU.ActiveCfg = Release|Any CPU
		{EE49A738-07C7-4FFA-99A2-340AC3681473}.Release|Any CPU.Build.0 = Release|Any CPU
		{3C55FF8A-DB68-4C47-B0B1-D5431CB7E788}.Debug|Any CPU.ActiveCfg = Debug|Any CPU
		{3C55FF8A-DB68-4C47-B0B1-D5431CB7E788}.Debug|Any CPU.Build.0 = Debug|Any CPU
		{3C55FF8A-DB68-4C47-B0B1-D5431CB7E788}.Release|Any CPU.ActiveCfg = Release|Any CPU
		{3C55FF8A-DB68-4C47-B0B1-D5431CB7E788}.Release|Any CPU.Build.0 = Release|Any CPU
		{07F601E9-7C78-4CD7-B917-0E9EFFB80F73}.Debug|Any CPU.ActiveCfg = Debug|Any CPU
		{07F601E9-7C78-4CD7-B917-0E9EFFB80F73}.Debug|Any CPU.Build.0 = Debug|Any CPU
		{07F601E9-7C78-4CD7-B917-0E9EFFB80F73}.Release|Any CPU.ActiveCfg = Release|Any CPU
		{07F601E9-7C78-4CD7-B917-0E9EFFB80F73}.Release|Any CPU.Build.0 = Release|Any CPU
	EndGlobalSection
	GlobalSection(SolutionProperties) = preSolution
		HideSolutionNode = FALSE
	EndGlobalSection
	GlobalSection(ExtensibilityGlobals) = postSolution
		SolutionGuid = {01D780C1-8C69-4907-B678-4876565F1748}
	EndGlobalSection
EndGlobal
